// !$*UTF8*$!
{
	archiveVersion = 1;
	classes = {
	};
	objectVersion = 77;
	objects = {

/* Begin PBXBuildFile section */
		05E7C872EB2AF45C5C1AC3D9 /* DictationSheet.swift in Sources */ = {isa = PBXBuildFile; fileRef = AFBFAA66C7ACB2B5251160EA /* DictationSheet.swift */; };
		1053AE62E739B0F8B82419B9 /* TerminalWidgetsBundle.swift in Sources */ = {isa = PBXBuildFile; fileRef = 0352D779F64077BB215D0A67 /* TerminalWidgetsBundle.swift */; };
		11E5619ABD40EFAEC5BC50BB /* SessionActivity.swift in Sources */ = {isa = PBXBuildFile; fileRef = C6737B5D4CD3D48E086EE022 /* SessionActivity.swift */; };
		17530F797C1D2ED124101C93 /* SupportView.swift in Sources */ = {isa = PBXBuildFile; fileRef = 8462D08AD834AD4968E87AAA /* SupportView.swift */; };
		17F2C9E740E76993DF4C78A9 /* aTerminalWidgets.appex in Embed Foundation Extensions */ = {isa = PBXBuildFile; fileRef = 357A3E9B33843F28A91308ED /* aTerminalWidgets.appex */; settings = {ATTRIBUTES = (RemoveHeadersOnCopy, ); }; };
		209AEBB236EEEE481F80A219 /* TerminalLiveQAUITests.swift in Sources */ = {isa = PBXBuildFile; fileRef = 8828FBAAE03BB96C2E643940 /* TerminalLiveQAUITests.swift */; };
		27EC603740C9C011B1948151 /* SessionActivityAttributes.swift in Sources */ = {isa = PBXBuildFile; fileRef = 16E0D28BCB8636030D3899B7 /* SessionActivityAttributes.swift */; };
		3061C61812F506E138366C4A /* SessionManagerTests.swift in Sources */ = {isa = PBXBuildFile; fileRef = 20FF187B3C82C960C9AE9FF3 /* SessionManagerTests.swift */; };
		35B425E7855AC376AB322D64 /* SwiftTerm in Frameworks */ = {isa = PBXBuildFile; productRef = C924456DE5C594D405AD3E43 /* SwiftTerm */; };
		432624D0951CDD74B4B86D4D /* TerminalScreen.swift in Sources */ = {isa = PBXBuildFile; fileRef = 4A260B81F177329505E7B49B /* TerminalScreen.swift */; };
		43BED9B2907CE3C949BB11DA /* ScrollBridgeTests.swift in Sources */ = {isa = PBXBuildFile; fileRef = D3054857236BEC0187FD4C8A /* ScrollBridgeTests.swift */; };
		4FE0A989BF95486DA7048B00 /* TerminalTabView.swift in Sources */ = {isa = PBXBuildFile; fileRef = 1AF5CA946708EEAAF960AA85 /* TerminalTabView.swift */; };
		54D1259007316C436F358B3A /* SettingsScreen.swift in Sources */ = {isa = PBXBuildFile; fileRef = 5BB77BDE2618B023F721BF37 /* SettingsScreen.swift */; };
		58F9340C320758C7E96A1D9A /* KeyStore.swift in Sources */ = {isa = PBXBuildFile; fileRef = 0EF1601BEC14DF36FFB61BCC /* KeyStore.swift */; };
		5BE757ED759DB505F10C518F /* TerminalHostView.swift in Sources */ = {isa = PBXBuildFile; fileRef = 7F225540EC5B427405A4D1F7 /* TerminalHostView.swift */; };
		636687D15ACC328EAF2C5670 /* AppSettings.swift in Sources */ = {isa = PBXBuildFile; fileRef = ACDDE5A91481E2461978C83C /* AppSettings.swift */; };
		6606403ADA7D724666D19725 /* ATerminalApp.swift in Sources */ = {isa = PBXBuildFile; fileRef = 4A21A2F1A7A23BC8A59B14B3 /* ATerminalApp.swift */; };
		6870CFB186414923EB732CA9 /* DictationEngine.swift in Sources */ = {isa = PBXBuildFile; fileRef = 45C9FF8151CF947E0C077252 /* DictationEngine.swift */; };
		69B6118BBE7EF82B3C8BF8FC /* Theme.swift in Sources */ = {isa = PBXBuildFile; fileRef = 4D3C0CD15E85F76F8BB9D45A /* Theme.swift */; };
		6DF9F57B4B41CF836A599DBB /* Citadel in Frameworks */ = {isa = PBXBuildFile; productRef = 766B3A5A028C88D6FA710746 /* Citadel */; };
		7D115646752CEDFD69D4E700 /* ThemeStoreTests.swift in Sources */ = {isa = PBXBuildFile; fileRef = 3CFD6E6F6ABAF4AB77641380 /* ThemeStoreTests.swift */; };
		81AA76096BCD01E742D3FABF /* LiveActivityTests.swift in Sources */ = {isa = PBXBuildFile; fileRef = 40D6B2369AFF35523440BD9F /* LiveActivityTests.swift */; };
		874965B9A4C17E0B75BA644D /* TerminalRenderingTests.swift in Sources */ = {isa = PBXBuildFile; fileRef = E1A372C0A52D582C0DADEC2E /* TerminalRenderingTests.swift */; };
		87A9B7877C4ECA8A9CEDF4B0 /* KeyStoreTests.swift in Sources */ = {isa = PBXBuildFile; fileRef = F8A88D673ACDBE48347E6A25 /* KeyStoreTests.swift */; };
		88AAB9F8A747D8B4151E7A77 /* KeysView.swift in Sources */ = {isa = PBXBuildFile; fileRef = 5557FD4640D6DA1989AB9756 /* KeysView.swift */; };
		8A1AAC802CB33F589BB86B67 /* PrivacyInfo.xcprivacy in Resources */ = {isa = PBXBuildFile; fileRef = 0EF175C3795AB72ED887298C /* PrivacyInfo.xcprivacy */; };
		8AF844197FF4F21FB9920CE7 /* PrivacyInfo.xcprivacy in Resources */ = {isa = PBXBuildFile; fileRef = B2886D1F475613149FFED8A8 /* PrivacyInfo.xcprivacy */; };
		90A5372192512302FB4A8D58 /* TmuxIntegration.swift in Sources */ = {isa = PBXBuildFile; fileRef = 94839A31C50F228DF3BD14ED /* TmuxIntegration.swift */; };
		90E6C8BE9673A6398887D8D4 /* SessionActivityAttributes.swift in Sources */ = {isa = PBXBuildFile; fileRef = 16E0D28BCB8636030D3899B7 /* SessionActivityAttributes.swift */; };
		9205C5EFB5C81859F5B18F8C /* PrivacyPolicy.md in Resources */ = {isa = PBXBuildFile; fileRef = C33CCC195E340395347F8EB9 /* PrivacyPolicy.md */; };
		94929DB153A0FE61E8A43D36 /* LicenseAgreement.md in Resources */ = {isa = PBXBuildFile; fileRef = 9A3007196CC047683D387445 /* LicenseAgreement.md */; };
		97F01640D58C2F449B2D2EEA /* SessionManager.swift in Sources */ = {isa = PBXBuildFile; fileRef = A23F427FDB7BF53BFA51E99A /* SessionManager.swift */; };
		9820D80F4406AA543A2753AB /* StoreTests.swift in Sources */ = {isa = PBXBuildFile; fileRef = 8CF9B3631D0EAE7B7F041CA9 /* StoreTests.swift */; };
		9AE0387BE827A1518D377865 /* TestSeed.swift in Sources */ = {isa = PBXBuildFile; fileRef = 378A3DCBC54BFE69B2CFD67E /* TestSeed.swift */; };
		9B962C621574ED0330F7AA11 /* KeyAccessoryBar.swift in Sources */ = {isa = PBXBuildFile; fileRef = 01CBD243339B71B9BF2D742D /* KeyAccessoryBar.swift */; };
		AD9F9AFEDE885796292DF3F3 /* OpenSSHKey.swift in Sources */ = {isa = PBXBuildFile; fileRef = 169B06FE6BC460CAB314F4E6 /* OpenSSHKey.swift */; };
		B3D543291C7801E9C65BCFAF /* Assets.xcassets in Resources */ = {isa = PBXBuildFile; fileRef = 2A010719865D179ED095D576 /* Assets.xcassets */; };
		BA908BA1415E0936DD8F9F09 /* SSHConnection.swift in Sources */ = {isa = PBXBuildFile; fileRef = 4CF46FE32482EDCADB68A176 /* SSHConnection.swift */; };
		C6E6E9A7B0C5A6421F6ED016 /* ScrollBridge.swift in Sources */ = {isa = PBXBuildFile; fileRef = 5402BF48101E5F870B71F20E /* ScrollBridge.swift */; };
		C8DBD507D1FABBC403C1E214 /* Store.swift in Sources */ = {isa = PBXBuildFile; fileRef = 029D91B4A0B745A0167015E7 /* Store.swift */; };
		CBEC95B9F6DAB8B88B3FE616 /* AppSettingsTests.swift in Sources */ = {isa = PBXBuildFile; fileRef = 915C77C6C4625C19612F70B2 /* AppSettingsTests.swift */; };
		CE1686CA3ACA27293C84B768 /* SessionLiveActivity.swift in Sources */ = {isa = PBXBuildFile; fileRef = 53424F792186A08C3248507A /* SessionLiveActivity.swift */; };
		CE620E51CD7AA08E96437070 /* ServerStoreTests.swift in Sources */ = {isa = PBXBuildFile; fileRef = ACA3549BCAB70BEFDF72C51C /* ServerStoreTests.swift */; };
		E845612CA4761D99C1800656 /* TerminalBridgeTests.swift in Sources */ = {isa = PBXBuildFile; fileRef = 927419ABE9C1A2DDC077EAFE /* TerminalBridgeTests.swift */; };
		F2EEC76CC8D455DC7BD52E20 /* ServerEditView.swift in Sources */ = {isa = PBXBuildFile; fileRef = 6F496A44D1ACD020D1C5902B /* ServerEditView.swift */; };
		FAD6A92B3AE7125C1B937BE1 /* SSHConnectionTests.swift in Sources */ = {isa = PBXBuildFile; fileRef = 09AD097717D8BD1363CE94AE /* SSHConnectionTests.swift */; };
		FC28B8C3276ED613A190D638 /* ServerStore.swift in Sources */ = {isa = PBXBuildFile; fileRef = 4805651053D338DC818AB7A3 /* ServerStore.swift */; };
/* End PBXBuildFile section */

/* Begin PBXContainerItemProxy section */
		98270F271F092D513D47128A /* PBXContainerItemProxy */ = {
			isa = PBXContainerItemProxy;
			containerPortal = 882694902E3C9D7C6DAFB1ED /* Project object */;
			proxyType = 1;
			remoteGlobalIDString = 649BE768ADCA07E6846896C7;
			remoteInfo = aTerminalWidgets;
		};
		AFC9308C768E97F9F5B7B473 /* PBXContainerItemProxy */ = {
			isa = PBXContainerItemProxy;
			containerPortal = 882694902E3C9D7C6DAFB1ED /* Project object */;
			proxyType = 1;
			remoteGlobalIDString = 0006C9C8E17FC20F773792D8;
			remoteInfo = aTerminal;
		};
		D1A28C54D03678657CE69E4E /* PBXContainerItemProxy */ = {
			isa = PBXContainerItemProxy;
			containerPortal = 882694902E3C9D7C6DAFB1ED /* Project object */;
			proxyType = 1;
			remoteGlobalIDString = 0006C9C8E17FC20F773792D8;
			remoteInfo = aTerminal;
		};
/* End PBXContainerItemProxy section */

/* Begin PBXCopyFilesBuildPhase section */
		7849C434EF944BF181B7377C /* Embed Foundation Extensions */ = {
			isa = PBXCopyFilesBuildPhase;
			buildActionMask = 2147483647;
			dstPath = "";
			dstSubfolderSpec = 13;
			files = (
				17F2C9E740E76993DF4C78A9 /* aTerminalWidgets.appex in Embed Foundation Extensions */,
			);
			name = "Embed Foundation Extensions";
			runOnlyForDeploymentPostprocessing = 0;
		};
/* End PBXCopyFilesBuildPhase section */

/* Begin PBXFileReference section */
		01CBD243339B71B9BF2D742D /* KeyAccessoryBar.swift */ = {isa = PBXFileReference; lastKnownFileType = sourcecode.swift; path = KeyAccessoryBar.swift; sourceTree = "<group>"; };
		029D91B4A0B745A0167015E7 /* Store.swift */ = {isa = PBXFileReference; lastKnownFileType = sourcecode.swift; path = Store.swift; sourceTree = "<group>"; };
		0352D779F64077BB215D0A67 /* TerminalWidgetsBundle.swift */ = {isa = PBXFileReference; lastKnownFileType = sourcecode.swift; path = TerminalWidgetsBundle.swift; sourceTree = "<group>"; };
		078783A64A7A664158553679 /* Info.plist */ = {isa = PBXFileReference; lastKnownFileType = text.plist; path = Info.plist; sourceTree = "<group>"; };
		09AD097717D8BD1363CE94AE /* SSHConnectionTests.swift */ = {isa = PBXFileReference; lastKnownFileType = sourcecode.swift; path = SSHConnectionTests.swift; sourceTree = "<group>"; };
		0EF1601BEC14DF36FFB61BCC /* KeyStore.swift */ = {isa = PBXFileReference; lastKnownFileType = sourcecode.swift; path = KeyStore.swift; sourceTree = "<group>"; };
		0EF175C3795AB72ED887298C /* PrivacyInfo.xcprivacy */ = {isa = PBXFileReference; path = PrivacyInfo.xcprivacy; sourceTree = "<group>"; };
		169B06FE6BC460CAB314F4E6 /* OpenSSHKey.swift */ = {isa = PBXFileReference; lastKnownFileType = sourcecode.swift; path = OpenSSHKey.swift; sourceTree = "<group>"; };
		16E0D28BCB8636030D3899B7 /* SessionActivityAttributes.swift */ = {isa = PBXFileReference; lastKnownFileType = sourcecode.swift; path = SessionActivityAttributes.swift; sourceTree = "<group>"; };
		1AF5CA946708EEAAF960AA85 /* TerminalTabView.swift */ = {isa = PBXFileReference; lastKnownFileType = sourcecode.swift; path = TerminalTabView.swift; sourceTree = "<group>"; };
		20FF187B3C82C960C9AE9FF3 /* SessionManagerTests.swift */ = {isa = PBXFileReference; lastKnownFileType = sourcecode.swift; path = SessionManagerTests.swift; sourceTree = "<group>"; };
		2A010719865D179ED095D576 /* Assets.xcassets */ = {isa = PBXFileReference; lastKnownFileType = folder.assetcatalog; path = Assets.xcassets; sourceTree = "<group>"; };
		2F4BA1C0B08438281B356A66 /* aTerminalUITests.xctest */ = {isa = PBXFileReference; includeInIndex = 0; lastKnownFileType = wrapper.cfbundle; path = aTerminalUITests.xctest; sourceTree = BUILT_PRODUCTS_DIR; };
		357A3E9B33843F28A91308ED /* aTerminalWidgets.appex */ = {isa = PBXFileReference; includeInIndex = 0; lastKnownFileType = "wrapper.app-extension"; path = aTerminalWidgets.appex; sourceTree = BUILT_PRODUCTS_DIR; };
		378A3DCBC54BFE69B2CFD67E /* TestSeed.swift */ = {isa = PBXFileReference; lastKnownFileType = sourcecode.swift; path = TestSeed.swift; sourceTree = "<group>"; };
		3CFD6E6F6ABAF4AB77641380 /* ThemeStoreTests.swift */ = {isa = PBXFileReference; lastKnownFileType = sourcecode.swift; path = ThemeStoreTests.swift; sourceTree = "<group>"; };
		40D6B2369AFF35523440BD9F /* LiveActivityTests.swift */ = {isa = PBXFileReference; lastKnownFileType = sourcecode.swift; path = LiveActivityTests.swift; sourceTree = "<group>"; };
		45C9FF8151CF947E0C077252 /* DictationEngine.swift */ = {isa = PBXFileReference; lastKnownFileType = sourcecode.swift; path = DictationEngine.swift; sourceTree = "<group>"; };
		4805651053D338DC818AB7A3 /* ServerStore.swift */ = {isa = PBXFileReference; lastKnownFileType = sourcecode.swift; path = ServerStore.swift; sourceTree = "<group>"; };
		4A21A2F1A7A23BC8A59B14B3 /* ATerminalApp.swift */ = {isa = PBXFileReference; lastKnownFileType = sourcecode.swift; path = ATerminalApp.swift; sourceTree = "<group>"; };
		4A260B81F177329505E7B49B /* TerminalScreen.swift */ = {isa = PBXFileReference; lastKnownFileType = sourcecode.swift; path = TerminalScreen.swift; sourceTree = "<group>"; };
		4CF46FE32482EDCADB68A176 /* SSHConnection.swift */ = {isa = PBXFileReference; lastKnownFileType = sourcecode.swift; path = SSHConnection.swift; sourceTree = "<group>"; };
		4D3C0CD15E85F76F8BB9D45A /* Theme.swift */ = {isa = PBXFileReference; lastKnownFileType = sourcecode.swift; path = Theme.swift; sourceTree = "<group>"; };
		53424F792186A08C3248507A /* SessionLiveActivity.swift */ = {isa = PBXFileReference; lastKnownFileType = sourcecode.swift; path = SessionLiveActivity.swift; sourceTree = "<group>"; };
		5402BF48101E5F870B71F20E /* ScrollBridge.swift */ = {isa = PBXFileReference; lastKnownFileType = sourcecode.swift; path = ScrollBridge.swift; sourceTree = "<group>"; };
		5557FD4640D6DA1989AB9756 /* KeysView.swift */ = {isa = PBXFileReference; lastKnownFileType = sourcecode.swift; path = KeysView.swift; sourceTree = "<group>"; };
		5BB77BDE2618B023F721BF37 /* SettingsScreen.swift */ = {isa = PBXFileReference; lastKnownFileType = sourcecode.swift; path = SettingsScreen.swift; sourceTree = "<group>"; };
		6F496A44D1ACD020D1C5902B /* ServerEditView.swift */ = {isa = PBXFileReference; lastKnownFileType = sourcecode.swift; path = ServerEditView.swift; sourceTree = "<group>"; };
		7E013E61346A06545AB046AB /* aTerminalTests.xctest */ = {isa = PBXFileReference; includeInIndex = 0; lastKnownFileType = wrapper.cfbundle; path = aTerminalTests.xctest; sourceTree = BUILT_PRODUCTS_DIR; };
		7F225540EC5B427405A4D1F7 /* TerminalHostView.swift */ = {isa = PBXFileReference; lastKnownFileType = sourcecode.swift; path = TerminalHostView.swift; sourceTree = "<group>"; };
		8462D08AD834AD4968E87AAA /* SupportView.swift */ = {isa = PBXFileReference; lastKnownFileType = sourcecode.swift; path = SupportView.swift; sourceTree = "<group>"; };
		8828FBAAE03BB96C2E643940 /* TerminalLiveQAUITests.swift */ = {isa = PBXFileReference; lastKnownFileType = sourcecode.swift; path = TerminalLiveQAUITests.swift; sourceTree = "<group>"; };
		8CF9B3631D0EAE7B7F041CA9 /* StoreTests.swift */ = {isa = PBXFileReference; lastKnownFileType = sourcecode.swift; path = StoreTests.swift; sourceTree = "<group>"; };
		915C77C6C4625C19612F70B2 /* AppSettingsTests.swift */ = {isa = PBXFileReference; lastKnownFileType = sourcecode.swift; path = AppSettingsTests.swift; sourceTree = "<group>"; };
		927419ABE9C1A2DDC077EAFE /* TerminalBridgeTests.swift */ = {isa = PBXFileReference; lastKnownFileType = sourcecode.swift; path = TerminalBridgeTests.swift; sourceTree = "<group>"; };
		94839A31C50F228DF3BD14ED /* TmuxIntegration.swift */ = {isa = PBXFileReference; lastKnownFileType = sourcecode.swift; path = TmuxIntegration.swift; sourceTree = "<group>"; };
		9A3007196CC047683D387445 /* LicenseAgreement.md */ = {isa = PBXFileReference; lastKnownFileType = net.daringfireball.markdown; path = LicenseAgreement.md; sourceTree = "<group>"; };
		A23F427FDB7BF53BFA51E99A /* SessionManager.swift */ = {isa = PBXFileReference; lastKnownFileType = sourcecode.swift; path = SessionManager.swift; sourceTree = "<group>"; };
		ACA3549BCAB70BEFDF72C51C /* ServerStoreTests.swift */ = {isa = PBXFileReference; lastKnownFileType = sourcecode.swift; path = ServerStoreTests.swift; sourceTree = "<group>"; };
		ACDDE5A91481E2461978C83C /* AppSettings.swift */ = {isa = PBXFileReference; lastKnownFileType = sourcecode.swift; path = AppSettings.swift; sourceTree = "<group>"; };
		AFBFAA66C7ACB2B5251160EA /* DictationSheet.swift */ = {isa = PBXFileReference; lastKnownFileType = sourcecode.swift; path = DictationSheet.swift; sourceTree = "<group>"; };
		B1CD9D1BB70BFE2A027D9EE0 /* Info.plist */ = {isa = PBXFileReference; lastKnownFileType = text.plist; path = Info.plist; sourceTree = "<group>"; };
		B2886D1F475613149FFED8A8 /* PrivacyInfo.xcprivacy */ = {isa = PBXFileReference; path = PrivacyInfo.xcprivacy; sourceTree = "<group>"; };
		C33CCC195E340395347F8EB9 /* PrivacyPolicy.md */ = {isa = PBXFileReference; lastKnownFileType = net.daringfireball.markdown; path = PrivacyPolicy.md; sourceTree = "<group>"; };
		C6737B5D4CD3D48E086EE022 /* SessionActivity.swift */ = {isa = PBXFileReference; lastKnownFileType = sourcecode.swift; path = SessionActivity.swift; sourceTree = "<group>"; };
		D3054857236BEC0187FD4C8A /* ScrollBridgeTests.swift */ = {isa = PBXFileReference; lastKnownFileType = sourcecode.swift; path = ScrollBridgeTests.swift; sourceTree = "<group>"; };
		E1A372C0A52D582C0DADEC2E /* TerminalRenderingTests.swift */ = {isa = PBXFileReference; lastKnownFileType = sourcecode.swift; path = TerminalRenderingTests.swift; sourceTree = "<group>"; };
		F18DB3555D91987D39D8286D /* aTerminal.app */ = {isa = PBXFileReference; includeInIndex = 0; lastKnownFileType = wrapper.application; path = aTerminal.app; sourceTree = BUILT_PRODUCTS_DIR; };
		F8A88D673ACDBE48347E6A25 /* KeyStoreTests.swift */ = {isa = PBXFileReference; lastKnownFileType = sourcecode.swift; path = KeyStoreTests.swift; sourceTree = "<group>"; };
/* End PBXFileReference section */

/* Begin PBXFrameworksBuildPhase section */
		665F4AEA4BA3539F3F526FD5 /* Frameworks */ = {
			isa = PBXFrameworksBuildPhase;
			buildActionMask = 2147483647;
			files = (
				6DF9F57B4B41CF836A599DBB /* Citadel in Frameworks */,
				35B425E7855AC376AB322D64 /* SwiftTerm in Frameworks */,
			);
			runOnlyForDeploymentPostprocessing = 0;
		};
/* End PBXFrameworksBuildPhase section */

/* Begin PBXGroup section */
		1319FBFEEC58575B3BFA741A /* Resources */ = {
			isa = PBXGroup;
			children = (
				9A3007196CC047683D387445 /* LicenseAgreement.md */,
				C33CCC195E340395347F8EB9 /* PrivacyPolicy.md */,
			);
			path = Resources;
			sourceTree = "<group>";
		};
		43A77374F18E8086020BFA24 /* aTerminalWidgets */ = {
			isa = PBXGroup;
			children = (
				B1CD9D1BB70BFE2A027D9EE0 /* Info.plist */,
				0EF175C3795AB72ED887298C /* PrivacyInfo.xcprivacy */,
				53424F792186A08C3248507A /* SessionLiveActivity.swift */,
				0352D779F64077BB215D0A67 /* TerminalWidgetsBundle.swift */,
			);
			path = aTerminalWidgets;
			sourceTree = "<group>";
		};
		43D844CDCFE93D24E9DC5902 /* aTerminal */ = {
			isa = PBXGroup;
			children = (
				2A010719865D179ED095D576 /* Assets.xcassets */,
				078783A64A7A664158553679 /* Info.plist */,
				B2886D1F475613149FFED8A8 /* PrivacyInfo.xcprivacy */,
				910F2604074BC7226F450547 /* App */,
				4DDE2823B08DC5ADEF71AE93 /* Dictation */,
				D7C9F1BCF874FA59371A5D0F /* LiveActivity */,
				66BC69731B176A2CBEBF9345 /* Servers */,
				6C1DF2F0F543E1DAC1EDEAA0 /* Settings */,
				6CAE0B98EBB4030D229A4455 /* SSH */,
				C4AB715EF44B0CD335F050CD /* Support */,
				8E27FC35DB80E66B8BE95CA0 /* Terminal */,
			);
			path = aTerminal;
			sourceTree = "<group>";
		};
		4DDE2823B08DC5ADEF71AE93 /* Dictation */ = {
			isa = PBXGroup;
			children = (
				45C9FF8151CF947E0C077252 /* DictationEngine.swift */,
				AFBFAA66C7ACB2B5251160EA /* DictationSheet.swift */,
			);
			path = Dictation;
			sourceTree = "<group>";
		};
		66BC69731B176A2CBEBF9345 /* Servers */ = {
			isa = PBXGroup;
			children = (
				0EF1601BEC14DF36FFB61BCC /* KeyStore.swift */,
				169B06FE6BC460CAB314F4E6 /* OpenSSHKey.swift */,
				6F496A44D1ACD020D1C5902B /* ServerEditView.swift */,
				4805651053D338DC818AB7A3 /* ServerStore.swift */,
			);
			path = Servers;
			sourceTree = "<group>";
		};
		6C1DF2F0F543E1DAC1EDEAA0 /* Settings */ = {
			isa = PBXGroup;
			children = (
				5557FD4640D6DA1989AB9756 /* KeysView.swift */,
				5BB77BDE2618B023F721BF37 /* SettingsScreen.swift */,
				029D91B4A0B745A0167015E7 /* Store.swift */,
				8462D08AD834AD4968E87AAA /* SupportView.swift */,
			);
			path = Settings;
			sourceTree = "<group>";
		};
		6CAE0B98EBB4030D229A4455 /* SSH */ = {
			isa = PBXGroup;
			children = (
				A23F427FDB7BF53BFA51E99A /* SessionManager.swift */,
				4CF46FE32482EDCADB68A176 /* SSHConnection.swift */,
				94839A31C50F228DF3BD14ED /* TmuxIntegration.swift */,
			);
			path = SSH;
			sourceTree = "<group>";
		};
		85FC4EE1916A17FA2A968DE3 /* aTerminalUITests */ = {
			isa = PBXGroup;
			children = (
				8828FBAAE03BB96C2E643940 /* TerminalLiveQAUITests.swift */,
			);
			path = aTerminalUITests;
			sourceTree = "<group>";
		};
		8E27FC35DB80E66B8BE95CA0 /* Terminal */ = {
			isa = PBXGroup;
			children = (
				01CBD243339B71B9BF2D742D /* KeyAccessoryBar.swift */,
				5402BF48101E5F870B71F20E /* ScrollBridge.swift */,
				7F225540EC5B427405A4D1F7 /* TerminalHostView.swift */,
				4A260B81F177329505E7B49B /* TerminalScreen.swift */,
				1AF5CA946708EEAAF960AA85 /* TerminalTabView.swift */,
			);
			path = Terminal;
			sourceTree = "<group>";
		};
		910F2604074BC7226F450547 /* App */ = {
			isa = PBXGroup;
			children = (
				4A21A2F1A7A23BC8A59B14B3 /* ATerminalApp.swift */,
				378A3DCBC54BFE69B2CFD67E /* TestSeed.swift */,
			);
			path = App;
			sourceTree = "<group>";
		};
		BC0BBE3412FE258C41C64ABA /* Products */ = {
			isa = PBXGroup;
			children = (
				F18DB3555D91987D39D8286D /* aTerminal.app */,
				7E013E61346A06545AB046AB /* aTerminalTests.xctest */,
				2F4BA1C0B08438281B356A66 /* aTerminalUITests.xctest */,
				357A3E9B33843F28A91308ED /* aTerminalWidgets.appex */,
			);
			name = Products;
			sourceTree = "<group>";
		};
		C3B3017CAF1FB767481DFD39 = {
			isa = PBXGroup;
			children = (
				43D844CDCFE93D24E9DC5902 /* aTerminal */,
				E9854874E2079A17BDE648B9 /* aTerminalTests */,
				85FC4EE1916A17FA2A968DE3 /* aTerminalUITests */,
				43A77374F18E8086020BFA24 /* aTerminalWidgets */,
				1319FBFEEC58575B3BFA741A /* Resources */,
				BC0BBE3412FE258C41C64ABA /* Products */,
			);
			sourceTree = "<group>";
		};
		C4AB715EF44B0CD335F050CD /* Support */ = {
			isa = PBXGroup;
			children = (
				ACDDE5A91481E2461978C83C /* AppSettings.swift */,
				4D3C0CD15E85F76F8BB9D45A /* Theme.swift */,
			);
			path = Support;
			sourceTree = "<group>";
		};
		D7C9F1BCF874FA59371A5D0F /* LiveActivity */ = {
			isa = PBXGroup;
			children = (
				C6737B5D4CD3D48E086EE022 /* SessionActivity.swift */,
				16E0D28BCB8636030D3899B7 /* SessionActivityAttributes.swift */,
			);
			path = LiveActivity;
			sourceTree = "<group>";
		};
		E9854874E2079A17BDE648B9 /* aTerminalTests */ = {
			isa = PBXGroup;
			children = (
				915C77C6C4625C19612F70B2 /* AppSettingsTests.swift */,
				F8A88D673ACDBE48347E6A25 /* KeyStoreTests.swift */,
				40D6B2369AFF35523440BD9F /* LiveActivityTests.swift */,
				D3054857236BEC0187FD4C8A /* ScrollBridgeTests.swift */,
				ACA3549BCAB70BEFDF72C51C /* ServerStoreTests.swift */,
				20FF187B3C82C960C9AE9FF3 /* SessionManagerTests.swift */,
				09AD097717D8BD1363CE94AE /* SSHConnectionTests.swift */,
				8CF9B3631D0EAE7B7F041CA9 /* StoreTests.swift */,
				927419ABE9C1A2DDC077EAFE /* TerminalBridgeTests.swift */,
				E1A372C0A52D582C0DADEC2E /* TerminalRenderingTests.swift */,
				3CFD6E6F6ABAF4AB77641380 /* ThemeStoreTests.swift */,
			);
			path = aTerminalTests;
			sourceTree = "<group>";
		};
/* End PBXGroup section */

/* Begin PBXNativeTarget section */
		0006C9C8E17FC20F773792D8 /* aTerminal */ = {
			isa = PBXNativeTarget;
			buildConfigurationList = 975148411BCC1F919158D233 /* Build configuration list for PBXNativeTarget "aTerminal" */;
			buildPhases = (
				BD48E85DFADC5CF5E8324774 /* Sources */,
				8A6BC4E6175ECC0CA0556117 /* Resources */,
				665F4AEA4BA3539F3F526FD5 /* Frameworks */,
				7849C434EF944BF181B7377C /* Embed Foundation Extensions */,
			);
			buildRules = (
			);
			dependencies = (
				5A865A411B47ED8E4DEAD5C7 /* PBXTargetDependency */,
			);
			name = aTerminal;
			packageProductDependencies = (
				766B3A5A028C88D6FA710746 /* Citadel */,
				C924456DE5C594D405AD3E43 /* SwiftTerm */,
			);
			productName = aTerminal;
			productReference = F18DB3555D91987D39D8286D /* aTerminal.app */;
			productType = "com.apple.product-type.application";
		};
		0A6C7A899156CE899AA1383F /* aTerminalTests */ = {
			isa = PBXNativeTarget;
			buildConfigurationList = 638F8A18C9447F8E02B16445 /* Build configuration list for PBXNativeTarget "aTerminalTests" */;
			buildPhases = (
				52582A5CB1896A5926C3DB15 /* Sources */,
			);
			buildRules = (
			);
			dependencies = (
				B6331B4F2DDC927EDF11FA5F /* PBXTargetDependency */,
				C5E833680648DA600C075647 /* PBXTargetDependency */,
			);
			name = aTerminalTests;
			packageProductDependencies = (
			);
			productName = aTerminalTests;
			productReference = 7E013E61346A06545AB046AB /* aTerminalTests.xctest */;
			productType = "com.apple.product-type.bundle.unit-test";
		};
		649BE768ADCA07E6846896C7 /* aTerminalWidgets */ = {
			isa = PBXNativeTarget;
			buildConfigurationList = 6B7D8763FA3FAA5C67C6CBB4 /* Build configuration list for PBXNativeTarget "aTerminalWidgets" */;
			buildPhases = (
				C2FAF2F77DF4B3C43AEE9157 /* Sources */,
				D0F279842FA0E123A0FC7F11 /* Resources */,
			);
			buildRules = (
			);
			dependencies = (
			);
			name = aTerminalWidgets;
			packageProductDependencies = (
			);
			productName = aTerminalWidgets;
			productReference = 357A3E9B33843F28A91308ED /* aTerminalWidgets.appex */;
			productType = "com.apple.product-type.app-extension";
		};
		8BC54644FB9BE2D50FB88B64 /* aTerminalUITests */ = {
			isa = PBXNativeTarget;
			buildConfigurationList = D65216B319681CAD2FDA4BFD /* Build configuration list for PBXNativeTarget "aTerminalUITests" */;
			buildPhases = (
				200D74F959864FB6679FE8BD /* Sources */,
			);
			buildRules = (
			);
			dependencies = (
				3112B1C220A4F3702550FE72 /* PBXTargetDependency */,
			);
			name = aTerminalUITests;
			packageProductDependencies = (
			);
			productName = aTerminalUITests;
			productReference = 2F4BA1C0B08438281B356A66 /* aTerminalUITests.xctest */;
			productType = "com.apple.product-type.bundle.ui-testing";
		};
/* End PBXNativeTarget section */

/* Begin PBXProject section */
		882694902E3C9D7C6DAFB1ED /* Project object */ = {
			isa = PBXProject;
			attributes = {
				BuildIndependentTargetsInParallel = YES;
				LastUpgradeCheck = 1430;
				TargetAttributes = {
					0006C9C8E17FC20F773792D8 = {
						ProvisioningStyle = Automatic;
					};
					0A6C7A899156CE899AA1383F = {
						ProvisioningStyle = Automatic;
					};
					649BE768ADCA07E6846896C7 = {
						ProvisioningStyle = Automatic;
					};
					8BC54644FB9BE2D50FB88B64 = {
						ProvisioningStyle = Automatic;
						TestTargetID = 0006C9C8E17FC20F773792D8;
					};
				};
			};
			buildConfigurationList = 50D0B38D8B3FB4B112A09903 /* Build configuration list for PBXProject "aTerminal" */;
			developmentRegion = en;
			hasScannedForEncodings = 0;
			knownRegions = (
				Base,
				en,
			);
			mainGroup = C3B3017CAF1FB767481DFD39;
			minimizedProjectReferenceProxies = 1;
			packageReferences = (
				B874877E4C2385BB5CD6D065 /* XCRemoteSwiftPackageReference "Citadel" */,
				1F28580007AB0CAF9DB792A7 /* XCRemoteSwiftPackageReference "SwiftTerm" */,
			);
			preferredProjectObjectVersion = 77;
			productRefGroup = BC0BBE3412FE258C41C64ABA /* Products */;
			projectDirPath = "";
			projectRoot = "";
			targets = (
				0006C9C8E17FC20F773792D8 /* aTerminal */,
				0A6C7A899156CE899AA1383F /* aTerminalTests */,
				8BC54644FB9BE2D50FB88B64 /* aTerminalUITests */,
				649BE768ADCA07E6846896C7 /* aTerminalWidgets */,
			);
		};
/* End PBXProject section */

/* Begin PBXResourcesBuildPhase section */
		8A6BC4E6175ECC0CA0556117 /* Resources */ = {
			isa = PBXResourcesBuildPhase;
			buildActionMask = 2147483647;
			files = (
				B3D543291C7801E9C65BCFAF /* Assets.xcassets in Resources */,
				94929DB153A0FE61E8A43D36 /* LicenseAgreement.md in Resources */,
				8AF844197FF4F21FB9920CE7 /* PrivacyInfo.xcprivacy in Resources */,
				9205C5EFB5C81859F5B18F8C /* PrivacyPolicy.md in Resources */,
			);
			runOnlyForDeploymentPostprocessing = 0;
		};
		D0F279842FA0E123A0FC7F11 /* Resources */ = {
			isa = PBXResourcesBuildPhase;
			buildActionMask = 2147483647;
			files = (
				8A1AAC802CB33F589BB86B67 /* PrivacyInfo.xcprivacy in Resources */,
			);
			runOnlyForDeploymentPostprocessing = 0;
		};
/* End PBXResourcesBuildPhase section */

/* Begin PBXSourcesBuildPhase section */
		200D74F959864FB6679FE8BD /* Sources */ = {
			isa = PBXSourcesBuildPhase;
			buildActionMask = 2147483647;
			files = (
				209AEBB236EEEE481F80A219 /* TerminalLiveQAUITests.swift in Sources */,
			);
			runOnlyForDeploymentPostprocessing = 0;
		};
		52582A5CB1896A5926C3DB15 /* Sources */ = {
			isa = PBXSourcesBuildPhase;
			buildActionMask = 2147483647;
			files = (
				CBEC95B9F6DAB8B88B3FE616 /* AppSettingsTests.swift in Sources */,
				87A9B7877C4ECA8A9CEDF4B0 /* KeyStoreTests.swift in Sources */,
				81AA76096BCD01E742D3FABF /* LiveActivityTests.swift in Sources */,
				FAD6A92B3AE7125C1B937BE1 /* SSHConnectionTests.swift in Sources */,
				43BED9B2907CE3C949BB11DA /* ScrollBridgeTests.swift in Sources */,
				CE620E51CD7AA08E96437070 /* ServerStoreTests.swift in Sources */,
				3061C61812F506E138366C4A /* SessionManagerTests.swift in Sources */,
				9820D80F4406AA543A2753AB /* StoreTests.swift in Sources */,
				E845612CA4761D99C1800656 /* TerminalBridgeTests.swift in Sources */,
				874965B9A4C17E0B75BA644D /* TerminalRenderingTests.swift in Sources */,
				7D115646752CEDFD69D4E700 /* ThemeStoreTests.swift in Sources */,
			);
			runOnlyForDeploymentPostprocessing = 0;
		};
		BD48E85DFADC5CF5E8324774 /* Sources */ = {
			isa = PBXSourcesBuildPhase;
			buildActionMask = 2147483647;
			files = (
				6606403ADA7D724666D19725 /* ATerminalApp.swift in Sources */,
				636687D15ACC328EAF2C5670 /* AppSettings.swift in Sources */,
				6870CFB186414923EB732CA9 /* DictationEngine.swift in Sources */,
				05E7C872EB2AF45C5C1AC3D9 /* DictationSheet.swift in Sources */,
				9B962C621574ED0330F7AA11 /* KeyAccessoryBar.swift in Sources */,
				58F9340C320758C7E96A1D9A /* KeyStore.swift in Sources */,
				88AAB9F8A747D8B4151E7A77 /* KeysView.swift in Sources */,
				AD9F9AFEDE885796292DF3F3 /* OpenSSHKey.swift in Sources */,
				BA908BA1415E0936DD8F9F09 /* SSHConnection.swift in Sources */,
				C6E6E9A7B0C5A6421F6ED016 /* ScrollBridge.swift in Sources */,
				F2EEC76CC8D455DC7BD52E20 /* ServerEditView.swift in Sources */,
				FC28B8C3276ED613A190D638 /* ServerStore.swift in Sources */,
				11E5619ABD40EFAEC5BC50BB /* SessionActivity.swift in Sources */,
				90E6C8BE9673A6398887D8D4 /* SessionActivityAttributes.swift in Sources */,
				97F01640D58C2F449B2D2EEA /* SessionManager.swift in Sources */,
				54D1259007316C436F358B3A /* SettingsScreen.swift in Sources */,
				C8DBD507D1FABBC403C1E214 /* Store.swift in Sources */,
				17530F797C1D2ED124101C93 /* SupportView.swift in Sources */,
				5BE757ED759DB505F10C518F /* TerminalHostView.swift in Sources */,
				432624D0951CDD74B4B86D4D /* TerminalScreen.swift in Sources */,
				4FE0A989BF95486DA7048B00 /* TerminalTabView.swift in Sources */,
				9AE0387BE827A1518D377865 /* TestSeed.swift in Sources */,
				69B6118BBE7EF82B3C8BF8FC /* Theme.swift in Sources */,
				90A5372192512302FB4A8D58 /* TmuxIntegration.swift in Sources */,
			);
			runOnlyForDeploymentPostprocessing = 0;
		};
		C2FAF2F77DF4B3C43AEE9157 /* Sources */ = {
			isa = PBXSourcesBuildPhase;
			buildActionMask = 2147483647;
			files = (
				27EC603740C9C011B1948151 /* SessionActivityAttributes.swift in Sources */,
				CE1686CA3ACA27293C84B768 /* SessionLiveActivity.swift in Sources */,
				1053AE62E739B0F8B82419B9 /* TerminalWidgetsBundle.swift in Sources */,
			);
			runOnlyForDeploymentPostprocessing = 0;
		};
/* End PBXSourcesBuildPhase section */

/* Begin PBXTargetDependency section */
		3112B1C220A4F3702550FE72 /* PBXTargetDependency */ = {
			isa = PBXTargetDependency;
			target = 0006C9C8E17FC20F773792D8 /* aTerminal */;
			targetProxy = D1A28C54D03678657CE69E4E /* PBXContainerItemProxy */;
		};
		5A865A411B47ED8E4DEAD5C7 /* PBXTargetDependency */ = {
			isa = PBXTargetDependency;
			target = 649BE768ADCA07E6846896C7 /* aTerminalWidgets */;
			targetProxy = 98270F271F092D513D47128A /* PBXContainerItemProxy */;
		};
		B6331B4F2DDC927EDF11FA5F /* PBXTargetDependency */ = {
			isa = PBXTargetDependency;
			target = 0006C9C8E17FC20F773792D8 /* aTerminal */;
			targetProxy = AFC9308C768E97F9F5B7B473 /* PBXContainerItemProxy */;
		};
		C5E833680648DA600C075647 /* PBXTargetDependency */ = {
			isa = PBXTargetDependency;
			productRef = "TEMP_6EA74A97-1BB2-49BD-BA52-626ECC8F8642" /* Citadel */;
		};
/* End PBXTargetDependency section */

/* Begin XCBuildConfiguration section */
		09CDE3E58C9F370DCB8867CA /* Release */ = {
			isa = XCBuildConfiguration;
			buildSettings = {
				ALWAYS_SEARCH_USER_PATHS = NO;
				CLANG_ANALYZER_NONNULL = YES;
				CLANG_ANALYZER_NUMBER_OBJECT_CONVERSION = YES_AGGRESSIVE;
				CLANG_CXX_LANGUAGE_STANDARD = "gnu++14";
				CLANG_CXX_LIBRARY = "libc++";
				CLANG_ENABLE_MODULES = YES;
				CLANG_ENABLE_OBJC_ARC = YES;
				CLANG_ENABLE_OBJC_WEAK = YES;
				CLANG_WARN_BLOCK_CAPTURE_AUTORELEASING = YES;
				CLANG_WARN_BOOL_CONVERSION = YES;
				CLANG_WARN_COMMA = YES;
				CLANG_WARN_CONSTANT_CONVERSION = YES;
				CLANG_WARN_DEPRECATED_OBJC_IMPLEMENTATIONS = YES;
				CLANG_WARN_DIRECT_OBJC_ISA_USAGE = YES_ERROR;
				CLANG_WARN_DOCUMENTATION_COMMENTS = YES;
				CLANG_WARN_EMPTY_BODY = YES;
				CLANG_WARN_ENUM_CONVERSION = YES;
				CLANG_WARN_INFINITE_RECURSION = YES;
				CLANG_WARN_INT_CONVERSION = YES;
				CLANG_WARN_NON_LITERAL_NULL_CONVERSION = YES;
				CLANG_WARN_OBJC_IMPLICIT_RETAIN_SELF = YES;
				CLANG_WARN_OBJC_LITERAL_CONVERSION = YES;
				CLANG_WARN_OBJC_ROOT_CLASS = YES_ERROR;
				CLANG_WARN_QUOTED_INCLUDE_IN_FRAMEWORK_HEADER = YES;
				CLANG_WARN_RANGE_LOOP_ANALYSIS = YES;
				CLANG_WARN_STRICT_PROTOTYPES = YES;
				CLANG_WARN_SUSPICIOUS_MOVE = YES;
				CLANG_WARN_UNGUARDED_AVAILABILITY = YES_AGGRESSIVE;
				CLANG_WARN_UNREACHABLE_CODE = YES;
				CLANG_WARN__DUPLICATE_METHOD_MATCH = YES;
				CODE_SIGN_STYLE = Automatic;
				COPY_PHASE_STRIP = NO;
				DEBUG_INFORMATION_FORMAT = "dwarf-with-dsym";
				ENABLE_NS_ASSERTIONS = NO;
				ENABLE_STRICT_OBJC_MSGSEND = YES;
				GCC_C_LANGUAGE_STANDARD = gnu11;
				GCC_NO_COMMON_BLOCKS = YES;
				GCC_WARN_64_TO_32_BIT_CONVERSION = YES;
				GCC_WARN_ABOUT_RETURN_TYPE = YES_ERROR;
				GCC_WARN_UNDECLARED_SELECTOR = YES;
				GCC_WARN_UNINITIALIZED_AUTOS = YES_AGGRESSIVE;
				GCC_WARN_UNUSED_FUNCTION = YES;
				GCC_WARN_UNUSED_VARIABLE = YES;
				IPHONEOS_DEPLOYMENT_TARGET = 26.0;
				MTL_ENABLE_DEBUG_INFO = NO;
				MTL_FAST_MATH = YES;
				PRODUCT_NAME = "$(TARGET_NAME)";
				SDKROOT = iphoneos;
				SWIFT_COMPILATION_MODE = wholemodule;
				SWIFT_OPTIMIZATION_LEVEL = "-O";
				SWIFT_VERSION = 5.10;
				TARGETED_DEVICE_FAMILY = 1;
			};
			name = Release;
		};
		43380AAE68A00FBD2644E895 /* Debug */ = {
			isa = XCBuildConfiguration;
			buildSettings = {
				BUNDLE_LOADER = "$(TEST_HOST)";
				GENERATE_INFOPLIST_FILE = YES;
				LD_RUNPATH_SEARCH_PATHS = (
					"$(inherited)",
					"@executable_path/Frameworks",
					"@loader_path/Frameworks",
				);
				PRODUCT_BUNDLE_IDENTIFIER = com.aaroncx.aTerminalUITests;
				SDKROOT = iphoneos;
				TARGETED_DEVICE_FAMILY = "1,2";
				TEST_TARGET_NAME = aTerminal;
			};
			name = Debug;
		};
		4FA8E521AFE2047AAC121230 /* Release */ = {
			isa = XCBuildConfiguration;
			buildSettings = {
				BUNDLE_LOADER = "$(TEST_HOST)";
				GENERATE_INFOPLIST_FILE = YES;
				LD_RUNPATH_SEARCH_PATHS = (
					"$(inherited)",
					"@executable_path/Frameworks",
					"@loader_path/Frameworks",
				);
				PRODUCT_BUNDLE_IDENTIFIER = com.aaroncx.aTerminalTests;
				SDKROOT = iphoneos;
				TARGETED_DEVICE_FAMILY = "1,2";
				TEST_HOST = "$(BUILT_PRODUCTS_DIR)/aTerminal.app/aTerminal";
			};
			name = Release;
		};
		54B1BA27F58AE0D948E218C2 /* Debug */ = {
			isa = XCBuildConfiguration;
			buildSettings = {
				ALWAYS_SEARCH_USER_PATHS = NO;
				CLANG_ANALYZER_NONNULL = YES;
				CLANG_ANALYZER_NUMBER_OBJECT_CONVERSION = YES_AGGRESSIVE;
				CLANG_CXX_LANGUAGE_STANDARD = "gnu++14";
				CLANG_CXX_LIBRARY = "libc++";
				CLANG_ENABLE_MODULES = YES;
				CLANG_ENABLE_OBJC_ARC = YES;
				CLANG_ENABLE_OBJC_WEAK = YES;
				CLANG_WARN_BLOCK_CAPTURE_AUTORELEASING = YES;
				CLANG_WARN_BOOL_CONVERSION = YES;
				CLANG_WARN_COMMA = YES;
				CLANG_WARN_CONSTANT_CONVERSION = YES;
				CLANG_WARN_DEPRECATED_OBJC_IMPLEMENTATIONS = YES;
				CLANG_WARN_DIRECT_OBJC_ISA_USAGE = YES_ERROR;
				CLANG_WARN_DOCUMENTATION_COMMENTS = YES;
				CLANG_WARN_EMPTY_BODY = YES;
				CLANG_WARN_ENUM_CONVERSION = YES;
				CLANG_WARN_INFINITE_RECURSION = YES;
				CLANG_WARN_INT_CONVERSION = YES;
				CLANG_WARN_NON_LITERAL_NULL_CONVERSION = YES;
				CLANG_WARN_OBJC_IMPLICIT_RETAIN_SELF = YES;
				CLANG_WARN_OBJC_LITERAL_CONVERSION = YES;
				CLANG_WARN_OBJC_ROOT_CLASS = YES_ERROR;
				CLANG_WARN_QUOTED_INCLUDE_IN_FRAMEWORK_HEADER = YES;
				CLANG_WARN_RANGE_LOOP_ANALYSIS = YES;
				CLANG_WARN_STRICT_PROTOTYPES = YES;
				CLANG_WARN_SUSPICIOUS_MOVE = YES;
				CLANG_WARN_UNGUARDED_AVAILABILITY = YES_AGGRESSIVE;
				CLANG_WARN_UNREACHABLE_CODE = YES;
				CLANG_WARN__DUPLICATE_METHOD_MATCH = YES;
				CODE_SIGN_STYLE = Automatic;
				COPY_PHASE_STRIP = NO;
				DEBUG_INFORMATION_FORMAT = dwarf;
				ENABLE_STRICT_OBJC_MSGSEND = YES;
				ENABLE_TESTABILITY = YES;
				GCC_C_LANGUAGE_STANDARD = gnu11;
				GCC_DYNAMIC_NO_PIC = NO;
				GCC_NO_COMMON_BLOCKS = YES;
				GCC_OPTIMIZATION_LEVEL = 0;
				GCC_PREPROCESSOR_DEFINITIONS = (
					"$(inherited)",
					"DEBUG=1",
				);
				GCC_WARN_64_TO_32_BIT_CONVERSION = YES;
				GCC_WARN_ABOUT_RETURN_TYPE = YES_ERROR;
				GCC_WARN_UNDECLARED_SELECTOR = YES;
				GCC_WARN_UNINITIALIZED_AUTOS = YES_AGGRESSIVE;
				GCC_WARN_UNUSED_FUNCTION = YES;
				GCC_WARN_UNUSED_VARIABLE = YES;
				IPHONEOS_DEPLOYMENT_TARGET = 26.0;
				MTL_ENABLE_DEBUG_INFO = INCLUDE_SOURCE;
				MTL_FAST_MATH = YES;
				ONLY_ACTIVE_ARCH = YES;
				PRODUCT_NAME = "$(TARGET_NAME)";
				SDKROOT = iphoneos;
				SWIFT_ACTIVE_COMPILATION_CONDITIONS = DEBUG;
				SWIFT_OPTIMIZATION_LEVEL = "-Onone";
				SWIFT_VERSION = 5.10;
				TARGETED_DEVICE_FAMILY = 1;
			};
			name = Debug;
		};
		585F638243EEDA86D1CAFCB9 /* Debug */ = {
			isa = XCBuildConfiguration;
			buildSettings = {
				ASSETCATALOG_COMPILER_APPICON_NAME = AppIcon;
				CODE_SIGN_IDENTITY = "iPhone Developer";
				CURRENT_PROJECT_VERSION = 14;
				INFOPLIST_FILE = aTerminal/Info.plist;
				INFOPLIST_KEY_UILaunchScreen_Generation = YES;
				LD_RUNPATH_SEARCH_PATHS = (
					"$(inherited)",
					"@executable_path/Frameworks",
				);
				MARKETING_VERSION = 1.0;
				PRODUCT_BUNDLE_IDENTIFIER = com.aaroncx.relay;
				PROVISIONING_PROFILE_SPECIFIER = "$(ATERMINAL_PROFILE_APP)";
				SDKROOT = iphoneos;
				TARGETED_DEVICE_FAMILY = 1;
			};
			name = Debug;
		};
		7E0E34B17B520DA2C597F88F /* Debug */ = {
			isa = XCBuildConfiguration;
			buildSettings = {
				BUNDLE_LOADER = "$(TEST_HOST)";
				GENERATE_INFOPLIST_FILE = YES;
				LD_RUNPATH_SEARCH_PATHS = (
					"$(inherited)",
					"@executable_path/Frameworks",
					"@loader_path/Frameworks",
				);
				PRODUCT_BUNDLE_IDENTIFIER = com.aaroncx.aTerminalTests;
				SDKROOT = iphoneos;
				TARGETED_DEVICE_FAMILY = "1,2";
				TEST_HOST = "$(BUILT_PRODUCTS_DIR)/aTerminal.app/aTerminal";
			};
			name = Debug;
		};
		AB2FC4CABDB8DA27AA4FAF89 /* Release */ = {
			isa = XCBuildConfiguration;
			buildSettings = {
				BUNDLE_LOADER = "$(TEST_HOST)";
				GENERATE_INFOPLIST_FILE = YES;
				LD_RUNPATH_SEARCH_PATHS = (
					"$(inherited)",
					"@executable_path/Frameworks",
					"@loader_path/Frameworks",
				);
				PRODUCT_BUNDLE_IDENTIFIER = com.aaroncx.aTerminalUITests;
				SDKROOT = iphoneos;
				TARGETED_DEVICE_FAMILY = "1,2";
				TEST_TARGET_NAME = aTerminal;
			};
			name = Release;
		};
		B42D2F1EB46BE08F0A5B368B /* Debug */ = {
			isa = XCBuildConfiguration;
			buildSettings = {
				CURRENT_PROJECT_VERSION = 14;
				INFOPLIST_FILE = aTerminalWidgets/Info.plist;
				LD_RUNPATH_SEARCH_PATHS = (
					"$(inherited)",
					"@executable_path/Frameworks",
					"@executable_path/../../Frameworks",
				);
				MARKETING_VERSION = 1.0;
				PRODUCT_BUNDLE_IDENTIFIER = com.aaroncx.relay.widgets;
				PROVISIONING_PROFILE_SPECIFIER = "$(ATERMINAL_PROFILE_WIDGET)";
				SDKROOT = iphoneos;
				TARGETED_DEVICE_FAMILY = 1;
			};
			name = Debug;
		};
		C93F66B23B9D0D2615B252D4 /* Release */ = {
			isa = XCBuildConfiguration;
			buildSettings = {
				ASSETCATALOG_COMPILER_APPICON_NAME = AppIcon;
				CODE_SIGN_IDENTITY = "iPhone Developer";
				CURRENT_PROJECT_VERSION = 14;
				INFOPLIST_FILE = aTerminal/Info.plist;
				INFOPLIST_KEY_UILaunchScreen_Generation = YES;
				LD_RUNPATH_SEARCH_PATHS = (
					"$(inherited)",
					"@executable_path/Frameworks",
				);
				MARKETING_VERSION = 1.0;
				PRODUCT_BUNDLE_IDENTIFIER = com.aaroncx.relay;
				PROVISIONING_PROFILE_SPECIFIER = "$(ATERMINAL_PROFILE_APP)";
				SDKROOT = iphoneos;
				TARGETED_DEVICE_FAMILY = 1;
			};
			name = Release;
		};
		CC2567027E28D7D5CD6E8FAB /* Release */ = {
			isa = XCBuildConfiguration;
			buildSettings = {
				CURRENT_PROJECT_VERSION = 14;
				INFOPLIST_FILE = aTerminalWidgets/Info.plist;
				LD_RUNPATH_SEARCH_PATHS = (
					"$(inherited)",
					"@executable_path/Frameworks",
					"@executable_path/../../Frameworks",
				);
				MARKETING_VERSION = 1.0;
				PRODUCT_BUNDLE_IDENTIFIER = com.aaroncx.relay.widgets;
				PROVISIONING_PROFILE_SPECIFIER = "$(ATERMINAL_PROFILE_WIDGET)";
				SDKROOT = iphoneos;
				TARGETED_DEVICE_FAMILY = 1;
			};
			name = Release;
		};
/* End XCBuildConfiguration section */

/* Begin XCConfigurationList section */
		50D0B38D8B3FB4B112A09903 /* Build configuration list for PBXProject "aTerminal" */ = {
			isa = XCConfigurationList;
			buildConfigurations = (
				54B1BA27F58AE0D948E218C2 /* Debug */,
				09CDE3E58C9F370DCB8867CA /* Release */,
			);
			defaultConfigurationIsVisible = 0;
			defaultConfigurationName = Debug;
		};
		638F8A18C9447F8E02B16445 /* Build configuration list for PBXNativeTarget "aTerminalTests" */ = {
			isa = XCConfigurationList;
			buildConfigurations = (
				7E0E34B17B520DA2C597F88F /* Debug */,
				4FA8E521AFE2047AAC121230 /* Release */,
			);
			defaultConfigurationIsVisible = 0;
			defaultConfigurationName = Debug;
		};
		6B7D8763FA3FAA5C67C6CBB4 /* Build configuration list for PBXNativeTarget "aTerminalWidgets" */ = {
			isa = XCConfigurationList;
			buildConfigurations = (
				B42D2F1EB46BE08F0A5B368B /* Debug */,
				CC2567027E28D7D5CD6E8FAB /* Release */,
			);
			defaultConfigurationIsVisible = 0;
			defaultConfigurationName = Debug;
		};
		975148411BCC1F919158D233 /* Build configuration list for PBXNativeTarget "aTerminal" */ = {
			isa = XCConfigurationList;
			buildConfigurations = (
				585F638243EEDA86D1CAFCB9 /* Debug */,
				C93F66B23B9D0D2615B252D4 /* Release */,
			);
			defaultConfigurationIsVisible = 0;
			defaultConfigurationName = Debug;
		};
		D65216B319681CAD2FDA4BFD /* Build configuration list for PBXNativeTarget "aTerminalUITests" */ = {
			isa = XCConfigurationList;
			buildConfigurations = (
				43380AAE68A00FBD2644E895 /* Debug */,
				AB2FC4CABDB8DA27AA4FAF89 /* Release */,
			);
			defaultConfigurationIsVisible = 0;
			defaultConfigurationName = Debug;
		};
/* End XCConfigurationList section */

/* Begin XCRemoteSwiftPackageReference section */
		1F28580007AB0CAF9DB792A7 /* XCRemoteSwiftPackageReference "SwiftTerm" */ = {
			isa = XCRemoteSwiftPackageReference;
			repositoryURL = "https://github.com/migueldeicaza/SwiftTerm.git";
			requirement = {
				kind = upToNextMajorVersion;
				minimumVersion = 1.13.0;
			};
		};
		B874877E4C2385BB5CD6D065 /* XCRemoteSwiftPackageReference "Citadel" */ = {
			isa = XCRemoteSwiftPackageReference;
			repositoryURL = "https://github.com/orlandos-nl/Citadel.git";
			requirement = {
				kind = upToNextMajorVersion;
				minimumVersion = 0.12.1;
			};
		};
/* End XCRemoteSwiftPackageReference section */

/* Begin XCSwiftPackageProductDependency section */
		766B3A5A028C88D6FA710746 /* Citadel */ = {
			isa = XCSwiftPackageProductDependency;
			package = B874877E4C2385BB5CD6D065 /* XCRemoteSwiftPackageReference "Citadel" */;
			productName = Citadel;
		};
		C924456DE5C594D405AD3E43 /* SwiftTerm */ = {
			isa = XCSwiftPackageProductDependency;
			package = 1F28580007AB0CAF9DB792A7 /* XCRemoteSwiftPackageReference "SwiftTerm" */;
			productName = SwiftTerm;
		};
		"TEMP_6EA74A97-1BB2-49BD-BA52-626ECC8F8642" /* Citadel */ = {
			isa = XCSwiftPackageProductDependency;
			package = B874877E4C2385BB5CD6D065 /* XCRemoteSwiftPackageReference "Citadel" */;
			productName = Citadel;
		};
/* End XCSwiftPackageProductDependency section */
	};
	rootObject = 882694902E3C9D7C6DAFB1ED /* Project object */;
}
